
Microsoft Visual Studio Solution File, Format Version 12.00
# Visual Studio 2012
Project("{FAE04EC0-301F-11D3-BF4B-00C04F79EFBC}") = "TestVersionControl", "TestVersionControl\TestVersionControl.csproj", "{A6965FB2-88AF-402E-8BB7-B07D966DD160}"
EndProject
Global
	GlobalSection(SolutionConfigurationPlatforms) = preSolution
		Debug|Any CPU = Debug|Any CPU
		Release|Any CPU = Release|Any CPU
	EndGlobalSection
	GlobalSection(ProjectConfigurationPlatforms) = postSolution
		{A6965FB2-88AF-402E-8BB7-B07D966DD160}.Debug|Any CPU.ActiveCfg = Debug|Any CPU
		{A6965FB2-88AF-402E-8BB7-B07D966DD160}.Debug|Any CPU.Build.0 = Debug|Any CPU
		{A6965FB2-88AF-402E-8BB7-B07D966DD160}.Release|Any CPU.ActiveCfg = Release|Any CPU
		{A6965FB2-88AF-402E-8BB7-B07D966DD160}.Release|Any CPU.Build.0 = Release|Any CPU
	EndGlobalSection
	GlobalSection(MonoDevelopProperties) = preSolution
		StartupItem = TestVersionControl\TestVersionControl.csproj
	EndGlobalSection
EndGlobal
